// !$*UTF8*$!
{
	archiveVersion = 1;
	classes = {
	};
	objectVersion = 52;
	objects = {

/* Begin PBXBuildFile section */
		4E0152AE778B24D1E4AD7826 /* Pods_NKLDAlahakoon_COBSCComp201P_009Tests.framework in Frameworks */ = {isa = PBXBuildFile; fileRef = 13BA0E7670C2B77D6CF3F5FE /* Pods_NKLDAlahakoon_COBSCComp201P_009Tests.framework */; };
		54555DB81D657C03F2BD3D69 /* Pods_NKLDAlahakoon_COBSCComp201P_009_NKLDAlahakoon_COBSCComp201P_009UITests.framework in Frameworks */ = {isa = PBXBuildFile; fileRef = 7761D63A111FB46F7A485FA0 /* Pods_NKLDAlahakoon_COBSCComp201P_009_NKLDAlahakoon_COBSCComp201P_009UITests.framework */; };
		9F18CB4CB5E794689ECD7E99 /* Pods_NKLDAlahakoon_COBSCComp201P_009.framework in Frameworks */ = {isa = PBXBuildFile; fileRef = 570DBB549B00F28A8F246CEA /* Pods_NKLDAlahakoon_COBSCComp201P_009.framework */; };
		EF1146F9274EE43400F54F8D /* TermsAndConditionView.swift in Sources */ = {isa = PBXBuildFile; fileRef = EF1146F8274EE43400F54F8D /* TermsAndConditionView.swift */; };
		EF2A2D58274BBC0500E6422B /* AuthServiceSpec.swift in Sources */ = {isa = PBXBuildFile; fileRef = EF2A2D57274BBC0500E6422B /* AuthServiceSpec.swift */; };
		EF2A2D5A274BBC2D00E6422B /* AuthServiceMock.swift in Sources */ = {isa = PBXBuildFile; fileRef = EF2A2D59274BBC2D00E6422B /* AuthServiceMock.swift */; };
		EF5C79C62747DE2F00A1EB8D /* CodeScanner in Frameworks */ = {isa = PBXBuildFile; productRef = EF5C79C52747DE2F00A1EB8D /* CodeScanner */; };
		EF6BB2372743AC1B00BED6FD /* HomeViewModel.swift in Sources */ = {isa = PBXBuildFile; fileRef = EF6BB2362743AC1B00BED6FD /* HomeViewModel.swift */; };
		EF6BB2392743B1FE00BED6FD /* SlotModel.swift in Sources */ = {isa = PBXBuildFile; fileRef = EF6BB2382743B1FE00BED6FD /* SlotModel.swift */; };
		EF6BB23B2745093600BED6FD /* BookingView.swift in Sources */ = {isa = PBXBuildFile; fileRef = EF6BB23A2745093600BED6FD /* BookingView.swift */; };
		EF6BB23D27450F9300BED6FD /* BookingModel.swift in Sources */ = {isa = PBXBuildFile; fileRef = EF6BB23C27450F9300BED6FD /* BookingModel.swift */; };
		EF6BB23F2746593900BED6FD /* BookingViewModel.swift in Sources */ = {isa = PBXBuildFile; fileRef = EF6BB23E2746593900BED6FD /* BookingViewModel.swift */; };
		EF755E5B2742637900800AD1 /* Authentication.swift in Sources */ = {isa = PBXBuildFile; fileRef = EF755E5A2742637900800AD1 /* Authentication.swift */; };
		EF755E5E2742762800800AD1 /* AuthService.swift in Sources */ = {isa = PBXBuildFile; fileRef = EF755E5D2742762800800AD1 /* AuthService.swift */; };
		EF755E622742E13E00800AD1 /* SettingsView.swift in Sources */ = {isa = PBXBuildFile; fileRef = EF755E612742E13E00800AD1 /* SettingsView.swift */; };
		EF755E642742E1E700800AD1 /* SettingsViewModel.swift in Sources */ = {isa = PBXBuildFile; fileRef = EF755E632742E1E700800AD1 /* SettingsViewModel.swift */; };
		EF755E662742EDEA00800AD1 /* HomeView.swift in Sources */ = {isa = PBXBuildFile; fileRef = EF755E652742EDEA00800AD1 /* HomeView.swift */; };
		EF773D30274F319F00F1E4E8 /* SignINViewTest.swift in Sources */ = {isa = PBXBuildFile; fileRef = EF773D2F274F319F00F1E4E8 /* SignINViewTest.swift */; };
		EF7FE16F273783FD00FD2EDB /* NKLDAlahakoon_COBSCComp201P_009App.swift in Sources */ = {isa = PBXBuildFile; fileRef = EF7FE16E273783FD00FD2EDB /* NKLDAlahakoon_COBSCComp201P_009App.swift */; };
		EF7FE171273783FD00FD2EDB /* ContentView.swift in Sources */ = {isa = PBXBuildFile; fileRef = EF7FE170273783FD00FD2EDB /* ContentView.swift */; };
		EF7FE1732737840100FD2EDB /* Assets.xcassets in Resources */ = {isa = PBXBuildFile; fileRef = EF7FE1722737840100FD2EDB /* Assets.xcassets */; };
		EF7FE1762737840100FD2EDB /* Preview Assets.xcassets in Resources */ = {isa = PBXBuildFile; fileRef = EF7FE1752737840100FD2EDB /* Preview Assets.xcassets */; };
		EF7FE1812737840100FD2EDB /* NKLDAlahakoon_COBSCComp201P_009Tests.swift in Sources */ = {isa = PBXBuildFile; fileRef = EF7FE1802737840100FD2EDB /* NKLDAlahakoon_COBSCComp201P_009Tests.swift */; };
		EF7FE18C2737840100FD2EDB /* NKLDAlahakoon_COBSCComp201P_009UITests.swift in Sources */ = {isa = PBXBuildFile; fileRef = EF7FE18B2737840100FD2EDB /* NKLDAlahakoon_COBSCComp201P_009UITests.swift */; };
		EF7FE19A2737876700FD2EDB /* GoogleService-Info.plist in Resources */ = {isa = PBXBuildFile; fileRef = EF7FE1992737876700FD2EDB /* GoogleService-Info.plist */; };
		EF7FE1AE2737A90D00FD2EDB /* LogInViewModel.swift in Sources */ = {isa = PBXBuildFile; fileRef = EF7FE1AD2737A90D00FD2EDB /* LogInViewModel.swift */; };
		EF7FE1B02737A91D00FD2EDB /* LogInView.swift in Sources */ = {isa = PBXBuildFile; fileRef = EF7FE1AF2737A91D00FD2EDB /* LogInView.swift */; };
		EF7FE1B32737AA7300FD2EDB /* UserModel.swift in Sources */ = {isa = PBXBuildFile; fileRef = EF7FE1B22737AA7300FD2EDB /* UserModel.swift */; };
		EFDC17D82747510D00CB260F /* ForgotPasswordView.swift in Sources */ = {isa = PBXBuildFile; fileRef = EFDC17D72747510D00CB260F /* ForgotPasswordView.swift */; };
		EFDC17DC27476B9F00CB260F /* LaunchScreenView.storyboard in Resources */ = {isa = PBXBuildFile; fileRef = EFDC17DB27476B9F00CB260F /* LaunchScreenView.storyboard */; };
/* End PBXBuildFile section */

/* Begin PBXContainerItemProxy section */
		EF7FE17D2737840100FD2EDB /* PBXContainerItemProxy */ = {
			isa = PBXContainerItemProxy;
			containerPortal = EF7FE163273783FC00FD2EDB /* Project object */;
			proxyType = 1;
			remoteGlobalIDString = EF7FE16A273783FD00FD2EDB;
			remoteInfo = NKLDAlahakoon_COBSCComp201P_009;
		};
		EF7FE1882737840100FD2EDB /* PBXContainerItemProxy */ = {
			isa = PBXContainerItemProxy;
			containerPortal = EF7FE163273783FC00FD2EDB /* Project object */;
			proxyType = 1;
			remoteGlobalIDString = EF7FE16A273783FD00FD2EDB;
			remoteInfo = NKLDAlahakoon_COBSCComp201P_009;
		};
/* End PBXContainerItemProxy section */

/* Begin PBXFileReference section */
		0E0C490299CBA9C280B3BCB4 /* Pods-NKLDAlahakoon_COBSCComp201P_009Tests.debug.xcconfig */ = {isa = PBXFileReference; includeInIndex = 1; lastKnownFileType = text.xcconfig; name = "Pods-NKLDAlahakoon_COBSCComp201P_009Tests.debug.xcconfig"; path = "Target Support Files/Pods-NKLDAlahakoon_COBSCComp201P_009Tests/Pods-NKLDAlahakoon_COBSCComp201P_009Tests.debug.xcconfig"; sourceTree = "<group>"; };
		13BA0E7670C2B77D6CF3F5FE /* Pods_NKLDAlahakoon_COBSCComp201P_009Tests.framework */ = {isa = PBXFileReference; explicitFileType = wrapper.framework; includeInIndex = 0; path = Pods_NKLDAlahakoon_COBSCComp201P_009Tests.framework; sourceTree = BUILT_PRODUCTS_DIR; };
		2E757630CE0EA22C927F8218 /* Pods-NKLDAlahakoon_COBSCComp201P_009.debug.xcconfig */ = {isa = PBXFileReference; includeInIndex = 1; lastKnownFileType = text.xcconfig; name = "Pods-NKLDAlahakoon_COBSCComp201P_009.debug.xcconfig"; path = "Target Support Files/Pods-NKLDAlahakoon_COBSCComp201P_009/Pods-NKLDAlahakoon_COBSCComp201P_009.debug.xcconfig"; sourceTree = "<group>"; };
		570DBB549B00F28A8F246CEA /* Pods_NKLDAlahakoon_COBSCComp201P_009.framework */ = {isa = PBXFileReference; explicitFileType = wrapper.framework; includeInIndex = 0; path = Pods_NKLDAlahakoon_COBSCComp201P_009.framework; sourceTree = BUILT_PRODUCTS_DIR; };
		745ED11B8537D4675D7D374C /* Pods-NKLDAlahakoon_COBSCComp201P_009Tests.release.xcconfig */ = {isa = PBXFileReference; includeInIndex = 1; lastKnownFileType = text.xcconfig; name = "Pods-NKLDAlahakoon_COBSCComp201P_009Tests.release.xcconfig"; path = "Target Support Files/Pods-NKLDAlahakoon_COBSCComp201P_009Tests/Pods-NKLDAlahakoon_COBSCComp201P_009Tests.release.xcconfig"; sourceTree = "<group>"; };
		7761D63A111FB46F7A485FA0 /* Pods_NKLDAlahakoon_COBSCComp201P_009_NKLDAlahakoon_COBSCComp201P_009UITests.framework */ = {isa = PBXFileReference; explicitFileType = wrapper.framework; includeInIndex = 0; path = Pods_NKLDAlahakoon_COBSCComp201P_009_NKLDAlahakoon_COBSCComp201P_009UITests.framework; sourceTree = BUILT_PRODUCTS_DIR; };
		8CAD6F12A8A3F4D038F5F3F2 /* Pods-NKLDAlahakoon_COBSCComp201P_009-NKLDAlahakoon_COBSCComp201P_009UITests.debug.xcconfig */ = {isa = PBXFileReference; includeInIndex = 1; lastKnownFileType = text.xcconfig; name = "Pods-NKLDAlahakoon_COBSCComp201P_009-NKLDAlahakoon_COBSCComp201P_009UITests.debug.xcconfig"; path = "Target Support Files/Pods-NKLDAlahakoon_COBSCComp201P_009-NKLDAlahakoon_COBSCComp201P_009UITests/Pods-NKLDAlahakoon_COBSCComp201P_009-NKLDAlahakoon_COBSCComp201P_009UITests.debug.xcconfig"; sourceTree = "<group>"; };
		B556B26C9153BDFE4BD787EC /* Pods-NKLDAlahakoon_COBSCComp201P_009.release.xcconfig */ = {isa = PBXFileReference; includeInIndex = 1; lastKnownFileType = text.xcconfig; name = "Pods-NKLDAlahakoon_COBSCComp201P_009.release.xcconfig"; path = "Target Support Files/Pods-NKLDAlahakoon_COBSCComp201P_009/Pods-NKLDAlahakoon_COBSCComp201P_009.release.xcconfig"; sourceTree = "<group>"; };
		C19D7E7D9AA07B680F034655 /* Pods-NKLDAlahakoon_COBSCComp201P_009-NKLDAlahakoon_COBSCComp201P_009UITests.release.xcconfig */ = {isa = PBXFileReference; includeInIndex = 1; lastKnownFileType = text.xcconfig; name = "Pods-NKLDAlahakoon_COBSCComp201P_009-NKLDAlahakoon_COBSCComp201P_009UITests.release.xcconfig"; path = "Target Support Files/Pods-NKLDAlahakoon_COBSCComp201P_009-NKLDAlahakoon_COBSCComp201P_009UITests/Pods-NKLDAlahakoon_COBSCComp201P_009-NKLDAlahakoon_COBSCComp201P_009UITests.release.xcconfig"; sourceTree = "<group>"; };
		EF1146F8274EE43400F54F8D /* TermsAndConditionView.swift */ = {isa = PBXFileReference; lastKnownFileType = sourcecode.swift; path = TermsAndConditionView.swift; sourceTree = "<group>"; };
		EF2A2D57274BBC0500E6422B /* AuthServiceSpec.swift */ = {isa = PBXFileReference; lastKnownFileType = sourcecode.swift; path = AuthServiceSpec.swift; sourceTree = "<group>"; };
		EF2A2D59274BBC2D00E6422B /* AuthServiceMock.swift */ = {isa = PBXFileReference; lastKnownFileType = sourcecode.swift; path = AuthServiceMock.swift; sourceTree = "<group>"; };
		EF6BB2362743AC1B00BED6FD /* HomeViewModel.swift */ = {isa = PBXFileReference; lastKnownFileType = sourcecode.swift; path = HomeViewModel.swift; sourceTree = "<group>"; };
		EF6BB2382743B1FE00BED6FD /* SlotModel.swift */ = {isa = PBXFileReference; lastKnownFileType = sourcecode.swift; path = SlotModel.swift; sourceTree = "<group>"; };
		EF6BB23A2745093600BED6FD /* BookingView.swift */ = {isa = PBXFileReference; lastKnownFileType = sourcecode.swift; path = BookingView.swift; sourceTree = "<group>"; };
		EF6BB23C27450F9300BED6FD /* BookingModel.swift */ = {isa = PBXFileReference; lastKnownFileType = sourcecode.swift; path = BookingModel.swift; sourceTree = "<group>"; };
		EF6BB23E2746593900BED6FD /* BookingViewModel.swift */ = {isa = PBXFileReference; lastKnownFileType = sourcecode.swift; path = BookingViewModel.swift; sourceTree = "<group>"; };
		EF755E5A2742637900800AD1 /* Authentication.swift */ = {isa = PBXFileReference; lastKnownFileType = sourcecode.swift; path = Authentication.swift; sourceTree = "<group>"; };
		EF755E5D2742762800800AD1 /* AuthService.swift */ = {isa = PBXFileReference; lastKnownFileType = sourcecode.swift; path = AuthService.swift; sourceTree = "<group>"; };
		EF755E612742E13E00800AD1 /* SettingsView.swift */ = {isa = PBXFileReference; lastKnownFileType = sourcecode.swift; path = SettingsView.swift; sourceTree = "<group>"; };
		EF755E632742E1E700800AD1 /* SettingsViewModel.swift */ = {isa = PBXFileReference; lastKnownFileType = sourcecode.swift; path = SettingsViewModel.swift; sourceTree = "<group>"; };
		EF755E652742EDEA00800AD1 /* HomeView.swift */ = {isa = PBXFileReference; lastKnownFileType = sourcecode.swift; path = HomeView.swift; sourceTree = "<group>"; };
		EF773D2F274F319F00F1E4E8 /* SignINViewTest.swift */ = {isa = PBXFileReference; lastKnownFileType = sourcecode.swift; path = SignINViewTest.swift; sourceTree = "<group>"; };
		EF7FE16B273783FD00FD2EDB /* NKLDAlahakoon_COBSCComp201P_009.app */ = {isa = PBXFileReference; explicitFileType = wrapper.application; includeInIndex = 0; path = NKLDAlahakoon_COBSCComp201P_009.app; sourceTree = BUILT_PRODUCTS_DIR; };
		EF7FE16E273783FD00FD2EDB /* NKLDAlahakoon_COBSCComp201P_009App.swift */ = {isa = PBXFileReference; lastKnownFileType = sourcecode.swift; path = NKLDAlahakoon_COBSCComp201P_009App.swift; sourceTree = "<group>"; };
		EF7FE170273783FD00FD2EDB /* ContentView.swift */ = {isa = PBXFileReference; lastKnownFileType = sourcecode.swift; path = ContentView.swift; sourceTree = "<group>"; };
		EF7FE1722737840100FD2EDB /* Assets.xcassets */ = {isa = PBXFileReference; lastKnownFileType = folder.assetcatalog; path = Assets.xcassets; sourceTree = "<group>"; };
		EF7FE1752737840100FD2EDB /* Preview Assets.xcassets */ = {isa = PBXFileReference; lastKnownFileType = folder.assetcatalog; path = "Preview Assets.xcassets"; sourceTree = "<group>"; };
		EF7FE1772737840100FD2EDB /* Info.plist */ = {isa = PBXFileReference; lastKnownFileType = text.plist.xml; path = Info.plist; sourceTree = "<group>"; };
		EF7FE17C2737840100FD2EDB /* NKLDAlahakoon_COBSCComp201P_009Tests.xctest */ = {isa = PBXFileReference; explicitFileType = wrapper.cfbundle; includeInIndex = 0; path = NKLDAlahakoon_COBSCComp201P_009Tests.xctest; sourceTree = BUILT_PRODUCTS_DIR; };
		EF7FE1802737840100FD2EDB /* NKLDAlahakoon_COBSCComp201P_009Tests.swift */ = {isa = PBXFileReference; lastKnownFileType = sourcecode.swift; path = NKLDAlahakoon_COBSCComp201P_009Tests.swift; sourceTree = "<group>"; };
		EF7FE1822737840100FD2EDB /* Info.plist */ = {isa = PBXFileReference; lastKnownFileType = text.plist.xml; path = Info.plist; sourceTree = "<group>"; };
		EF7FE1872737840100FD2EDB /* NKLDAlahakoon_COBSCComp201P_009UITests.xctest */ = {isa = PBXFileReference; explicitFileType = wrapper.cfbundle; includeInIndex = 0; path = NKLDAlahakoon_COBSCComp201P_009UITests.xctest; sourceTree = BUILT_PRODUCTS_DIR; };
		EF7FE18B2737840100FD2EDB /* NKLDAlahakoon_COBSCComp201P_009UITests.swift */ = {isa = PBXFileReference; lastKnownFileType = sourcecode.swift; path = NKLDAlahakoon_COBSCComp201P_009UITests.swift; sourceTree = "<group>"; };
		EF7FE18D2737840100FD2EDB /* Info.plist */ = {isa = PBXFileReference; lastKnownFileType = text.plist.xml; path = Info.plist; sourceTree = "<group>"; };
		EF7FE1992737876700FD2EDB /* GoogleService-Info.plist */ = {isa = PBXFileReference; fileEncoding = 4; lastKnownFileType = text.plist.xml; name = "GoogleService-Info.plist"; path = "../../../GoogleService-Info.plist"; sourceTree = "<group>"; };
		EF7FE1AD2737A90D00FD2EDB /* LogInViewModel.swift */ = {isa = PBXFileReference; fileEncoding = 4; lastKnownFileType = sourcecode.swift; path = LogInViewModel.swift; sourceTree = "<group>"; };
		EF7FE1AF2737A91D00FD2EDB /* LogInView.swift */ = {isa = PBXFileReference; fileEncoding = 4; lastKnownFileType = sourcecode.swift; path = LogInView.swift; sourceTree = "<group>"; };
		EF7FE1B22737AA7300FD2EDB /* UserModel.swift */ = {isa = PBXFileReference; fileEncoding = 4; lastKnownFileType = sourcecode.swift; name = UserModel.swift; path = ../../../../Models/UserModel.swift; sourceTree = "<group>"; };
		EFDC17D72747510D00CB260F /* ForgotPasswordView.swift */ = {isa = PBXFileReference; lastKnownFileType = sourcecode.swift; path = ForgotPasswordView.swift; sourceTree = "<group>"; };
		EFDC17DB27476B9F00CB260F /* LaunchScreenView.storyboard */ = {isa = PBXFileReference; lastKnownFileType = file.storyboard; path = LaunchScreenView.storyboard; sourceTree = "<group>"; };
/* End PBXFileReference section */

/* Begin PBXFrameworksBuildPhase section */
		EF7FE168273783FD00FD2EDB /* Frameworks */ = {
			isa = PBXFrameworksBuildPhase;
			buildActionMask = 2147483647;
			files = (
				EF5C79C62747DE2F00A1EB8D /* CodeScanner in Frameworks */,
				9F18CB4CB5E794689ECD7E99 /* Pods_NKLDAlahakoon_COBSCComp201P_009.framework in Frameworks */,
			);
			runOnlyForDeploymentPostprocessing = 0;
		};
		EF7FE1792737840100FD2EDB /* Frameworks */ = {
			isa = PBXFrameworksBuildPhase;
			buildActionMask = 2147483647;
			files = (
				4E0152AE778B24D1E4AD7826 /* Pods_NKLDAlahakoon_COBSCComp201P_009Tests.framework in Frameworks */,
			);
			runOnlyForDeploymentPostprocessing = 0;
		};
		EF7FE1842737840100FD2EDB /* Frameworks */ = {
			isa = PBXFrameworksBuildPhase;
			buildActionMask = 2147483647;
			files = (
				54555DB81D657C03F2BD3D69 /* Pods_NKLDAlahakoon_COBSCComp201P_009_NKLDAlahakoon_COBSCComp201P_009UITests.framework in Frameworks */,
			);
			runOnlyForDeploymentPostprocessing = 0;
		};
/* End PBXFrameworksBuildPhase section */

/* Begin PBXGroup section */
		3B7074367EF49F7AAD8A27D6 /* Pods */ = {
			isa = PBXGroup;
			children = (
				2E757630CE0EA22C927F8218 /* Pods-NKLDAlahakoon_COBSCComp201P_009.debug.xcconfig */,
				B556B26C9153BDFE4BD787EC /* Pods-NKLDAlahakoon_COBSCComp201P_009.release.xcconfig */,
				8CAD6F12A8A3F4D038F5F3F2 /* Pods-NKLDAlahakoon_COBSCComp201P_009-NKLDAlahakoon_COBSCComp201P_009UITests.debug.xcconfig */,
				C19D7E7D9AA07B680F034655 /* Pods-NKLDAlahakoon_COBSCComp201P_009-NKLDAlahakoon_COBSCComp201P_009UITests.release.xcconfig */,
				0E0C490299CBA9C280B3BCB4 /* Pods-NKLDAlahakoon_COBSCComp201P_009Tests.debug.xcconfig */,
				745ED11B8537D4675D7D374C /* Pods-NKLDAlahakoon_COBSCComp201P_009Tests.release.xcconfig */,
			);
			path = Pods;
			sourceTree = "<group>";
		};
		DB4E81C81912E3C36716AF03 /* Frameworks */ = {
			isa = PBXGroup;
			children = (
				570DBB549B00F28A8F246CEA /* Pods_NKLDAlahakoon_COBSCComp201P_009.framework */,
				7761D63A111FB46F7A485FA0 /* Pods_NKLDAlahakoon_COBSCComp201P_009_NKLDAlahakoon_COBSCComp201P_009UITests.framework */,
				13BA0E7670C2B77D6CF3F5FE /* Pods_NKLDAlahakoon_COBSCComp201P_009Tests.framework */,
			);
			name = Frameworks;
			sourceTree = "<group>";
		};
		EF755E5C2742760B00800AD1 /* Services */ = {
			isa = PBXGroup;
			children = (
				EF755E5D2742762800800AD1 /* AuthService.swift */,
			);
			path = Services;
			sourceTree = "<group>";
		};
		EF7FE162273783FC00FD2EDB = {
			isa = PBXGroup;
			children = (
				EF7FE16D273783FD00FD2EDB /* NKLDAlahakoon_COBSCComp201P_009 */,
				EF7FE17F2737840100FD2EDB /* NKLDAlahakoon_COBSCComp201P_009Tests */,
				EF7FE18A2737840100FD2EDB /* NKLDAlahakoon_COBSCComp201P_009UITests */,
				EF7FE16C273783FD00FD2EDB /* Products */,
				3B7074367EF49F7AAD8A27D6 /* Pods */,
				DB4E81C81912E3C36716AF03 /* Frameworks */,
			);
			sourceTree = "<group>";
		};
		EF7FE16C273783FD00FD2EDB /* Products */ = {
			isa = PBXGroup;
			children = (
				EF7FE16B273783FD00FD2EDB /* NKLDAlahakoon_COBSCComp201P_009.app */,
				EF7FE17C2737840100FD2EDB /* NKLDAlahakoon_COBSCComp201P_009Tests.xctest */,
				EF7FE1872737840100FD2EDB /* NKLDAlahakoon_COBSCComp201P_009UITests.xctest */,
			);
			name = Products;
			sourceTree = "<group>";
		};
		EF7FE16D273783FD00FD2EDB /* NKLDAlahakoon_COBSCComp201P_009 */ = {
			isa = PBXGroup;
			children = (
				EF755E5C2742760B00800AD1 /* Services */,
				EF7FE1B12737AA5A00FD2EDB /* Models */,
				EF7FE19E2737990D00FD2EDB /* Views */,
				EF7FE19B2737947700FD2EDB /* ViewModels */,
				EF7FE1992737876700FD2EDB /* GoogleService-Info.plist */,
				EF7FE16E273783FD00FD2EDB /* NKLDAlahakoon_COBSCComp201P_009App.swift */,
				EF755E5A2742637900800AD1 /* Authentication.swift */,
				EF7FE1722737840100FD2EDB /* Assets.xcassets */,
				EF7FE1772737840100FD2EDB /* Info.plist */,
				EF7FE1742737840100FD2EDB /* Preview Content */,
			);
			path = NKLDAlahakoon_COBSCComp201P_009;
			sourceTree = "<group>";
		};
		EF7FE1742737840100FD2EDB /* Preview Content */ = {
			isa = PBXGroup;
			children = (
				EF7FE1752737840100FD2EDB /* Preview Assets.xcassets */,
			);
			path = "Preview Content";
			sourceTree = "<group>";
		};
		EF7FE17F2737840100FD2EDB /* NKLDAlahakoon_COBSCComp201P_009Tests */ = {
			isa = PBXGroup;
			children = (
				EF7FE1802737840100FD2EDB /* NKLDAlahakoon_COBSCComp201P_009Tests.swift */,
				EF7FE1822737840100FD2EDB /* Info.plist */,
				EF2A2D57274BBC0500E6422B /* AuthServiceSpec.swift */,
				EF2A2D59274BBC2D00E6422B /* AuthServiceMock.swift */,
			);
			path = NKLDAlahakoon_COBSCComp201P_009Tests;
			sourceTree = "<group>";
		};
		EF7FE18A2737840100FD2EDB /* NKLDAlahakoon_COBSCComp201P_009UITests */ = {
			isa = PBXGroup;
			children = (
				EF7FE18B2737840100FD2EDB /* NKLDAlahakoon_COBSCComp201P_009UITests.swift */,
				EF7FE18D2737840100FD2EDB /* Info.plist */,
				EF773D2F274F319F00F1E4E8 /* SignINViewTest.swift */,
			);
			path = NKLDAlahakoon_COBSCComp201P_009UITests;
			sourceTree = "<group>";
		};
		EF7FE19B2737947700FD2EDB /* ViewModels */ = {
			isa = PBXGroup;
			children = (
				EF7FE1AD2737A90D00FD2EDB /* LogInViewModel.swift */,
				EF755E632742E1E700800AD1 /* SettingsViewModel.swift */,
				EF6BB2362743AC1B00BED6FD /* HomeViewModel.swift */,
				EF6BB23E2746593900BED6FD /* BookingViewModel.swift */,
			);
			path = ViewModels;
			sourceTree = "<group>";
		};
		EF7FE19E2737990D00FD2EDB /* Views */ = {
			isa = PBXGroup;
			children = (
				EF7FE1AF2737A91D00FD2EDB /* LogInView.swift */,
				EF7FE170273783FD00FD2EDB /* ContentView.swift */,
				EF755E612742E13E00800AD1 /* SettingsView.swift */,
				EF755E652742EDEA00800AD1 /* HomeView.swift */,
				EF6BB23A2745093600BED6FD /* BookingView.swift */,
				EFDC17D72747510D00CB260F /* ForgotPasswordView.swift */,
				EFDC17DB27476B9F00CB260F /* LaunchScreenView.storyboard */,
				EF1146F8274EE43400F54F8D /* TermsAndConditionView.swift */,
			);
			path = Views;
			sourceTree = "<group>";
		};
		EF7FE1B12737AA5A00FD2EDB /* Models */ = {
			isa = PBXGroup;
			children = (
				EF7FE1B22737AA7300FD2EDB /* UserModel.swift */,
				EF6BB2382743B1FE00BED6FD /* SlotModel.swift */,
				EF6BB23C27450F9300BED6FD /* BookingModel.swift */,
			);
			path = Models;
			sourceTree = "<group>";
		};
/* End PBXGroup section */

/* Begin PBXNativeTarget section */
		EF7FE16A273783FD00FD2EDB /* NKLDAlahakoon_COBSCComp201P_009 */ = {
			isa = PBXNativeTarget;
			buildConfigurationList = EF7FE1902737840100FD2EDB /* Build configuration list for PBXNativeTarget "NKLDAlahakoon_COBSCComp201P_009" */;
			buildPhases = (
				80CB3C490AE39AEF51D35AC6 /* [CP] Check Pods Manifest.lock */,
				EF7FE167273783FD00FD2EDB /* Sources */,
				EF7FE168273783FD00FD2EDB /* Frameworks */,
				EF7FE169273783FD00FD2EDB /* Resources */,
				FC52FD7D22B153E090D2033C /* [CP] Embed Pods Frameworks */,
			);
			buildRules = (
			);
			dependencies = (
			);
			name = NKLDAlahakoon_COBSCComp201P_009;
			packageProductDependencies = (
				EF5C79C52747DE2F00A1EB8D /* CodeScanner */,
			);
			productName = NKLDAlahakoon_COBSCComp201P_009;
			productReference = EF7FE16B273783FD00FD2EDB /* NKLDAlahakoon_COBSCComp201P_009.app */;
			productType = "com.apple.product-type.application";
		};
		EF7FE17B2737840100FD2EDB /* NKLDAlahakoon_COBSCComp201P_009Tests */ = {
			isa = PBXNativeTarget;
			buildConfigurationList = EF7FE1932737840100FD2EDB /* Build configuration list for PBXNativeTarget "NKLDAlahakoon_COBSCComp201P_009Tests" */;
			buildPhases = (
				3397AF469DC76AAD3AA19545 /* [CP] Check Pods Manifest.lock */,
				EF7FE1782737840100FD2EDB /* Sources */,
				EF7FE1792737840100FD2EDB /* Frameworks */,
				EF7FE17A2737840100FD2EDB /* Resources */,
			);
			buildRules = (
			);
			dependencies = (
				EF7FE17E2737840100FD2EDB /* PBXTargetDependency */,
			);
			name = NKLDAlahakoon_COBSCComp201P_009Tests;
			productName = NKLDAlahakoon_COBSCComp201P_009Tests;
			productReference = EF7FE17C2737840100FD2EDB /* NKLDAlahakoon_COBSCComp201P_009Tests.xctest */;
			productType = "com.apple.product-type.bundle.unit-test";
		};
		EF7FE1862737840100FD2EDB /* NKLDAlahakoon_COBSCComp201P_009UITests */ = {
			isa = PBXNativeTarget;
			buildConfigurationList = EF7FE1962737840100FD2EDB /* Build configuration list for PBXNativeTarget "NKLDAlahakoon_COBSCComp201P_009UITests" */;
			buildPhases = (
				9DC44A8CE5EC2AE9350BA9DC /* [CP] Check Pods Manifest.lock */,
				EF7FE1832737840100FD2EDB /* Sources */,
				EF7FE1842737840100FD2EDB /* Frameworks */,
				EF7FE1852737840100FD2EDB /* Resources */,
				31EEC72B01D8B6060C4D0F0B /* [CP] Embed Pods Frameworks */,
			);
			buildRules = (
			);
			dependencies = (
				EF7FE1892737840100FD2EDB /* PBXTargetDependency */,
			);
			name = NKLDAlahakoon_COBSCComp201P_009UITests;
			productName = NKLDAlahakoon_COBSCComp201P_009UITests;
			productReference = EF7FE1872737840100FD2EDB /* NKLDAlahakoon_COBSCComp201P_009UITests.xctest */;
			productType = "com.apple.product-type.bundle.ui-testing";
		};
/* End PBXNativeTarget section */

/* Begin PBXProject section */
		EF7FE163273783FC00FD2EDB /* Project object */ = {
			isa = PBXProject;
			attributes = {
				LastSwiftUpdateCheck = 1250;
				LastUpgradeCheck = 1250;
				TargetAttributes = {
					EF7FE16A273783FD00FD2EDB = {
						CreatedOnToolsVersion = 12.5.1;
					};
					EF7FE17B2737840100FD2EDB = {
						CreatedOnToolsVersion = 12.5.1;
						TestTargetID = EF7FE16A273783FD00FD2EDB;
					};
					EF7FE1862737840100FD2EDB = {
						CreatedOnToolsVersion = 12.5.1;
						TestTargetID = EF7FE16A273783FD00FD2EDB;
					};
				};
			};
			buildConfigurationList = EF7FE166273783FC00FD2EDB /* Build configuration list for PBXProject "NKLDAlahakoon_COBSCComp201P_009" */;
			compatibilityVersion = "Xcode 9.3";
			developmentRegion = en;
			hasScannedForEncodings = 0;
			knownRegions = (
				en,
				Base,
			);
			mainGroup = EF7FE162273783FC00FD2EDB;
			packageReferences = (
				EF5C79C42747DE2F00A1EB8D /* XCRemoteSwiftPackageReference "CodeScanner" */,
			);
			productRefGroup = EF7FE16C273783FD00FD2EDB /* Products */;
			projectDirPath = "";
			projectRoot = "";
			targets = (
				EF7FE16A273783FD00FD2EDB /* NKLDAlahakoon_COBSCComp201P_009 */,
				EF7FE17B2737840100FD2EDB /* NKLDAlahakoon_COBSCComp201P_009Tests */,
				EF7FE1862737840100FD2EDB /* NKLDAlahakoon_COBSCComp201P_009UITests */,
			);
		};
/* End PBXProject section */

/* Begin PBXResourcesBuildPhase section */
		EF7FE169273783FD00FD2EDB /* Resources */ = {
			isa = PBXResourcesBuildPhase;
			buildActionMask = 2147483647;
			files = (
				EFDC17DC27476B9F00CB260F /* LaunchScreenView.storyboard in Resources */,
				EF7FE1762737840100FD2EDB /* Preview Assets.xcassets in Resources */,
				EF7FE1732737840100FD2EDB /* Assets.xcassets in Resources */,
				EF7FE19A2737876700FD2EDB /* GoogleService-Info.plist in Resources */,
			);
			runOnlyForDeploymentPostprocessing = 0;
		};
		EF7FE17A2737840100FD2EDB /* Resources */ = {
			isa = PBXResourcesBuildPhase;
			buildActionMask = 2147483647;
			files = (
			);
			runOnlyForDeploymentPostprocessing = 0;
		};
		EF7FE1852737840100FD2EDB /* Resources */ = {
			isa = PBXResourcesBuildPhase;
			buildActionMask = 2147483647;
			files = (
			);
			runOnlyForDeploymentPostprocessing = 0;
		};
/* End PBXResourcesBuildPhase section */

/* Begin PBXShellScriptBuildPhase section */
		31EEC72B01D8B6060C4D0F0B /* [CP] Embed Pods Frameworks */ = {
			isa = PBXShellScriptBuildPhase;
			buildActionMask = 2147483647;
			files = (
			);
			inputFileListPaths = (
				"${PODS_ROOT}/Target Support Files/Pods-NKLDAlahakoon_COBSCComp201P_009-NKLDAlahakoon_COBSCComp201P_009UITests/Pods-NKLDAlahakoon_COBSCComp201P_009-NKLDAlahakoon_COBSCComp201P_009UITests-frameworks-${CONFIGURATION}-input-files.xcfilelist",
			);
			name = "[CP] Embed Pods Frameworks";
			outputFileListPaths = (
				"${PODS_ROOT}/Target Support Files/Pods-NKLDAlahakoon_COBSCComp201P_009-NKLDAlahakoon_COBSCComp201P_009UITests/Pods-NKLDAlahakoon_COBSCComp201P_009-NKLDAlahakoon_COBSCComp201P_009UITests-frameworks-${CONFIGURATION}-output-files.xcfilelist",
			);
			runOnlyForDeploymentPostprocessing = 0;
			shellPath = /bin/sh;
			shellScript = "\"${PODS_ROOT}/Target Support Files/Pods-NKLDAlahakoon_COBSCComp201P_009-NKLDAlahakoon_COBSCComp201P_009UITests/Pods-NKLDAlahakoon_COBSCComp201P_009-NKLDAlahakoon_COBSCComp201P_009UITests-frameworks.sh\"\n";
			showEnvVarsInLog = 0;
		};
		3397AF469DC76AAD3AA19545 /* [CP] Check Pods Manifest.lock */ = {
			isa = PBXShellScriptBuildPhase;
			buildActionMask = 2147483647;
			files = (
			);
			inputFileListPaths = (
			);
			inputPaths = (
				"${PODS_PODFILE_DIR_PATH}/Podfile.lock",
				"${PODS_ROOT}/Manifest.lock",
			);
			name = "[CP] Check Pods Manifest.lock";
			outputFileListPaths = (
			);
			outputPaths = (
				"$(DERIVED_FILE_DIR)/Pods-NKLDAlahakoon_COBSCComp201P_009Tests-checkManifestLockResult.txt",
			);
			runOnlyForDeploymentPostprocessing = 0;
			shellPath = /bin/sh;
			shellScript = "diff \"${PODS_PODFILE_DIR_PATH}/Podfile.lock\" \"${PODS_ROOT}/Manifest.lock\" > /dev/null\nif [ $? != 0 ] ; then\n    # print error to STDERR\n    echo \"error: The sandbox is not in sync with the Podfile.lock. Run 'pod install' or update your CocoaPods installation.\" >&2\n    exit 1\nfi\n# This output is used by Xcode 'outputs' to avoid re-running this script phase.\necho \"SUCCESS\" > \"${SCRIPT_OUTPUT_FILE_0}\"\n";
			showEnvVarsInLog = 0;
		};
		80CB3C490AE39AEF51D35AC6 /* [CP] Check Pods Manifest.lock */ = {
			isa = PBXShellScriptBuildPhase;
			buildActionMask = 2147483647;
			files = (
			);
			inputFileListPaths = (
			);
			inputPaths = (
				"${PODS_PODFILE_DIR_PATH}/Podfile.lock",
				"${PODS_ROOT}/Manifest.lock",
			);
			name = "[CP] Check Pods Manifest.lock";
			outputFileListPaths = (
			);
			outputPaths = (
				"$(DERIVED_FILE_DIR)/Pods-NKLDAlahakoon_COBSCComp201P_009-checkManifestLockResult.txt",
			);
			runOnlyForDeploymentPostprocessing = 0;
			shellPath = /bin/sh;
			shellScript = "diff \"${PODS_PODFILE_DIR_PATH}/Podfile.lock\" \"${PODS_ROOT}/Manifest.lock\" > /dev/null\nif [ $? != 0 ] ; then\n    # print error to STDERR\n    echo \"error: The sandbox is not in sync with the Podfile.lock. Run 'pod install' or update your CocoaPods installation.\" >&2\n    exit 1\nfi\n# This output is used by Xcode 'outputs' to avoid re-running this script phase.\necho \"SUCCESS\" > \"${SCRIPT_OUTPUT_FILE_0}\"\n";
			showEnvVarsInLog = 0;
		};
		9DC44A8CE5EC2AE9350BA9DC /* [CP] Check Pods Manifest.lock */ = {
			isa = PBXShellScriptBuildPhase;
			buildActionMask = 2147483647;
			files = (
			);
			inputFileListPaths = (
			);
			inputPaths = (
				"${PODS_PODFILE_DIR_PATH}/Podfile.lock",
				"${PODS_ROOT}/Manifest.lock",
			);
			name = "[CP] Check Pods Manifest.lock";
			outputFileListPaths = (
			);
			outputPaths = (
				"$(DERIVED_FILE_DIR)/Pods-NKLDAlahakoon_COBSCComp201P_009-NKLDAlahakoon_COBSCComp201P_009UITests-checkManifestLockResult.txt",
			);
			runOnlyForDeploymentPostprocessing = 0;
			shellPath = /bin/sh;
			shellScript = "diff \"${PODS_PODFILE_DIR_PATH}/Podfile.lock\" \"${PODS_ROOT}/Manifest.lock\" > /dev/null\nif [ $? != 0 ] ; then\n    # print error to STDERR\n    echo \"error: The sandbox is not in sync with the Podfile.lock. Run 'pod install' or update your CocoaPods installation.\" >&2\n    exit 1\nfi\n# This output is used by Xcode 'outputs' to avoid re-running this script phase.\necho \"SUCCESS\" > \"${SCRIPT_OUTPUT_FILE_0}\"\n";
			showEnvVarsInLog = 0;
		};
		FC52FD7D22B153E090D2033C /* [CP] Embed Pods Frameworks */ = {
			isa = PBXShellScriptBuildPhase;
			buildActionMask = 2147483647;
			files = (
			);
			inputFileListPaths = (
				"${PODS_ROOT}/Target Support Files/Pods-NKLDAlahakoon_COBSCComp201P_009/Pods-NKLDAlahakoon_COBSCComp201P_009-frameworks-${CONFIGURATION}-input-files.xcfilelist",
			);
			name = "[CP] Embed Pods Frameworks";
			outputFileListPaths = (
				"${PODS_ROOT}/Target Support Files/Pods-NKLDAlahakoon_COBSCComp201P_009/Pods-NKLDAlahakoon_COBSCComp201P_009-frameworks-${CONFIGURATION}-output-files.xcfilelist",
			);
			runOnlyForDeploymentPostprocessing = 0;
			shellPath = /bin/sh;
			shellScript = "\"${PODS_ROOT}/Target Support Files/Pods-NKLDAlahakoon_COBSCComp201P_009/Pods-NKLDAlahakoon_COBSCComp201P_009-frameworks.sh\"\n";
			showEnvVarsInLog = 0;
		};
/* End PBXShellScriptBuildPhase section */

/* Begin PBXSourcesBuildPhase section */
		EF7FE167273783FD00FD2EDB /* Sources */ = {
			isa = PBXSourcesBuildPhase;
			buildActionMask = 2147483647;
			files = (
				EF755E5B2742637900800AD1 /* Authentication.swift in Sources */,
				EF6BB23F2746593900BED6FD /* BookingViewModel.swift in Sources */,
				EFDC17D82747510D00CB260F /* ForgotPasswordView.swift in Sources */,
				EF6BB2392743B1FE00BED6FD /* SlotModel.swift in Sources */,
				EF6BB2372743AC1B00BED6FD /* HomeViewModel.swift in Sources */,
				EF7FE171273783FD00FD2EDB /* ContentView.swift in Sources */,
				EF1146F9274EE43400F54F8D /* TermsAndConditionView.swift in Sources */,
				EF7FE1AE2737A90D00FD2EDB /* LogInViewModel.swift in Sources */,
				EF6BB23B2745093600BED6FD /* BookingView.swift in Sources */,
				EF755E662742EDEA00800AD1 /* HomeView.swift in Sources */,
				EF755E622742E13E00800AD1 /* SettingsView.swift in Sources */,
				EF7FE1B02737A91D00FD2EDB /* LogInView.swift in Sources */,
				EF755E642742E1E700800AD1 /* SettingsViewModel.swift in Sources */,
				EF7FE1B32737AA7300FD2EDB /* UserModel.swift in Sources */,
				EF6BB23D27450F9300BED6FD /* BookingModel.swift in Sources */,
				EF7FE16F273783FD00FD2EDB /* NKLDAlahakoon_COBSCComp201P_009App.swift in Sources */,
				EF755E5E2742762800800AD1 /* AuthService.swift in Sources */,
			);
			runOnlyForDeploymentPostprocessing = 0;
		};
		EF7FE1782737840100FD2EDB /* Sources */ = {
			isa = PBXSourcesBuildPhase;
			buildActionMask = 2147483647;
			files = (
				EF2A2D5A274BBC2D00E6422B /* AuthServiceMock.swift in Sources */,
				EF2A2D58274BBC0500E6422B /* AuthServiceSpec.swift in Sources */,
				EF7FE1812737840100FD2EDB /* NKLDAlahakoon_COBSCComp201P_009Tests.swift in Sources */,
			);
			runOnlyForDeploymentPostprocessing = 0;
		};
		EF7FE1832737840100FD2EDB /* Sources */ = {
			isa = PBXSourcesBuildPhase;
			buildActionMask = 2147483647;
			files = (
				EF773D30274F319F00F1E4E8 /* SignINViewTest.swift in Sources */,
				EF7FE18C2737840100FD2EDB /* NKLDAlahakoon_COBSCComp201P_009UITests.swift in Sources */,
			);
			runOnlyForDeploymentPostprocessing = 0;
		};
/* End PBXSourcesBuildPhase section */

/* Begin PBXTargetDependency section */
		EF7FE17E2737840100FD2EDB /* PBXTargetDependency */ = {
			isa = PBXTargetDependency;
			target = EF7FE16A273783FD00FD2EDB /* NKLDAlahakoon_COBSCComp201P_009 */;
			targetProxy = EF7FE17D2737840100FD2EDB /* PBXContainerItemProxy */;
		};
		EF7FE1892737840100FD2EDB /* PBXTargetDependency */ = {
			isa = PBXTargetDependency;
			target = EF7FE16A273783FD00FD2EDB /* NKLDAlahakoon_COBSCComp201P_009 */;
			targetProxy = EF7FE1882737840100FD2EDB /* PBXContainerItemProxy */;
		};
/* End PBXTargetDependency section */

/* Begin XCBuildConfiguration section */
		EF7FE18E2737840100FD2EDB /* Debug */ = {
			isa = XCBuildConfiguration;
			buildSettings = {
				ALWAYS_SEARCH_USER_PATHS = NO;
				CLANG_ANALYZER_NONNULL = YES;
				CLANG_ANALYZER_NUMBER_OBJECT_CONVERSION = YES_AGGRESSIVE;
				CLANG_CXX_LANGUAGE_STANDARD = "gnu++14";
				CLANG_CXX_LIBRARY = "libc++";
				CLANG_ENABLE_MODULES = YES;
				CLANG_ENABLE_OBJC_ARC = YES;
				CLANG_ENABLE_OBJC_WEAK = YES;
				CLANG_WARN_BLOCK_CAPTURE_AUTORELEASING = YES;
				CLANG_WARN_BOOL_CONVERSION = YES;
				CLANG_WARN_COMMA = YES;
				CLANG_WARN_CONSTANT_CONVERSION = YES;
				CLANG_WARN_DEPRECATED_OBJC_IMPLEMENTATIONS = YES;
				CLANG_WARN_DIRECT_OBJC_ISA_USAGE = YES_ERROR;
				CLANG_WARN_DOCUMENTATION_COMMENTS = YES;
				CLANG_WARN_EMPTY_BODY = YES;
				CLANG_WARN_ENUM_CONVERSION = YES;
				CLANG_WARN_INFINITE_RECURSION = YES;
				CLANG_WARN_INT_CONVERSION = YES;
				CLANG_WARN_NON_LITERAL_NULL_CONVERSION = YES;
				CLANG_WARN_OBJC_IMPLICIT_RETAIN_SELF = YES;
				CLANG_WARN_OBJC_LITERAL_CONVERSION = YES;
				CLANG_WARN_OBJC_ROOT_CLASS = YES_ERROR;
				CLANG_WARN_QUOTED_INCLUDE_IN_FRAMEWORK_HEADER = YES;
				CLANG_WARN_RANGE_LOOP_ANALYSIS = YES;
				CLANG_WARN_STRICT_PROTOTYPES = YES;
				CLANG_WARN_SUSPICIOUS_MOVE = YES;
				CLANG_WARN_UNGUARDED_AVAILABILITY = YES_AGGRESSIVE;
				CLANG_WARN_UNREACHABLE_CODE = YES;
				CLANG_WARN__DUPLICATE_METHOD_MATCH = YES;
				COPY_PHASE_STRIP = NO;
				DEBUG_INFORMATION_FORMAT = dwarf;
				ENABLE_STRICT_OBJC_MSGSEND = YES;
				ENABLE_TESTABILITY = YES;
				GCC_C_LANGUAGE_STANDARD = gnu11;
				GCC_DYNAMIC_NO_PIC = NO;
				GCC_NO_COMMON_BLOCKS = YES;
				GCC_OPTIMIZATION_LEVEL = 0;
				GCC_PREPROCESSOR_DEFINITIONS = (
					"DEBUG=1",
					"$(inherited)",
				);
				GCC_WARN_64_TO_32_BIT_CONVERSION = YES;
				GCC_WARN_ABOUT_RETURN_TYPE = YES_ERROR;
				GCC_WARN_UNDECLARED_SELECTOR = YES;
				GCC_WARN_UNINITIALIZED_AUTOS = YES_AGGRESSIVE;
				GCC_WARN_UNUSED_FUNCTION = YES;
				GCC_WARN_UNUSED_VARIABLE = YES;
				IPHONEOS_DEPLOYMENT_TARGET = 14.5;
				MTL_ENABLE_DEBUG_INFO = INCLUDE_SOURCE;
				MTL_FAST_MATH = YES;
				ONLY_ACTIVE_ARCH = YES;
				SDKROOT = iphoneos;
				SWIFT_ACTIVE_COMPILATION_CONDITIONS = DEBUG;
				SWIFT_OPTIMIZATION_LEVEL = "-Onone";
			};
			name = Debug;
		};
		EF7FE18F2737840100FD2EDB /* Release */ = {
			isa = XCBuildConfiguration;
			buildSettings = {
				ALWAYS_SEARCH_USER_PATHS = NO;
				CLANG_ANALYZER_NONNULL = YES;
				CLANG_ANALYZER_NUMBER_OBJECT_CONVERSION = YES_AGGRESSIVE;
				CLANG_CXX_LANGUAGE_STANDARD = "gnu++14";
				CLANG_CXX_LIBRARY = "libc++";
				CLANG_ENABLE_MODULES = YES;
				CLANG_ENABLE_OBJC_ARC = YES;
				CLANG_ENABLE_OBJC_WEAK = YES;
				CLANG_WARN_BLOCK_CAPTURE_AUTORELEASING = YES;
				CLANG_WARN_BOOL_CONVERSION = YES;
				CLANG_WARN_COMMA = YES;
				CLANG_WARN_CONSTANT_CONVERSION = YES;
				CLANG_WARN_DEPRECATED_OBJC_IMPLEMENTATIONS = YES;
				CLANG_WARN_DIRECT_OBJC_ISA_USAGE = YES_ERROR;
				CLANG_WARN_DOCUMENTATION_COMMENTS = YES;
				CLANG_WARN_EMPTY_BODY = YES;
				CLANG_WARN_ENUM_CONVERSION = YES;
				CLANG_WARN_INFINITE_RECURSION = YES;
				CLANG_WARN_INT_CONVERSION = YES;
				CLANG_WARN_NON_LITERAL_NULL_CONVERSION = YES;
				CLANG_WARN_OBJC_IMPLICIT_RETAIN_SELF = YES;
				CLANG_WARN_OBJC_LITERAL_CONVERSION = YES;
				CLANG_WARN_OBJC_ROOT_CLASS = YES_ERROR;
				CLANG_WARN_QUOTED_INCLUDE_IN_FRAMEWORK_HEADER = YES;
				CLANG_WARN_RANGE_LOOP_ANALYSIS = YES;
				CLANG_WARN_STRICT_PROTOTYPES = YES;
				CLANG_WARN_SUSPICIOUS_MOVE = YES;
				CLANG_WARN_UNGUARDED_AVAILABILITY = YES_AGGRESSIVE;
				CLANG_WARN_UNREACHABLE_CODE = YES;
				CLANG_WARN__DUPLICATE_METHOD_MATCH = YES;
				COPY_PHASE_STRIP = NO;
				DEBUG_INFORMATION_FORMAT = "dwarf-with-dsym";
				ENABLE_NS_ASSERTIONS = NO;
				ENABLE_STRICT_OBJC_MSGSEND = YES;
				GCC_C_LANGUAGE_STANDARD = gnu11;
				GCC_NO_COMMON_BLOCKS = YES;
				GCC_WARN_64_TO_32_BIT_CONVERSION = YES;
				GCC_WARN_ABOUT_RETURN_TYPE = YES_ERROR;
				GCC_WARN_UNDECLARED_SELECTOR = YES;
				GCC_WARN_UNINITIALIZED_AUTOS = YES_AGGRESSIVE;
				GCC_WARN_UNUSED_FUNCTION = YES;
				GCC_WARN_UNUSED_VARIABLE = YES;
				IPHONEOS_DEPLOYMENT_TARGET = 14.5;
				MTL_ENABLE_DEBUG_INFO = NO;
				MTL_FAST_MATH = YES;
				SDKROOT = iphoneos;
				SWIFT_COMPILATION_MODE = wholemodule;
				SWIFT_OPTIMIZATION_LEVEL = "-O";
				VALIDATE_PRODUCT = YES;
			};
			name = Release;
		};
		EF7FE1912737840100FD2EDB /* Debug */ = {
			isa = XCBuildConfiguration;
			baseConfigurationReference = 2E757630CE0EA22C927F8218 /* Pods-NKLDAlahakoon_COBSCComp201P_009.debug.xcconfig */;
			buildSettings = {
				ASSETCATALOG_COMPILER_APPICON_NAME = AppIcon;
				ASSETCATALOG_COMPILER_GLOBAL_ACCENT_COLOR_NAME = AccentColor;
				CODE_SIGN_STYLE = Automatic;
				DEVELOPMENT_ASSET_PATHS = "\"NKLDAlahakoon_COBSCComp201P_009/Preview Content\"";
				ENABLE_PREVIEWS = YES;
				INFOPLIST_FILE = NKLDAlahakoon_COBSCComp201P_009/Info.plist;
				IPHONEOS_DEPLOYMENT_TARGET = 14.0;
				LD_RUNPATH_SEARCH_PATHS = (
					"$(inherited)",
					"@executable_path/Frameworks",
				);
				PRODUCT_BUNDLE_IDENTIFIER = "com.nibm.NKLDAlahakoon-COBSCComp201P-009";
				PRODUCT_NAME = "$(TARGET_NAME)";
				SWIFT_VERSION = 5.0;
				TARGETED_DEVICE_FAMILY = "1,2";
			};
			name = Debug;
		};
		EF7FE1922737840100FD2EDB /* Release */ = {
			isa = XCBuildConfiguration;
			baseConfigurationReference = B556B26C9153BDFE4BD787EC /* Pods-NKLDAlahakoon_COBSCComp201P_009.release.xcconfig */;
			buildSettings = {
				ASSETCATALOG_COMPILER_APPICON_NAME = AppIcon;
				ASSETCATALOG_COMPILER_GLOBAL_ACCENT_COLOR_NAME = AccentColor;
				CODE_SIGN_STYLE = Automatic;
				DEVELOPMENT_ASSET_PATHS = "\"NKLDAlahakoon_COBSCComp201P_009/Preview Content\"";
				ENABLE_PREVIEWS = YES;
				INFOPLIST_FILE = NKLDAlahakoon_COBSCComp201P_009/Info.plist;
				IPHONEOS_DEPLOYMENT_TARGET = 14.0;
				LD_RUNPATH_SEARCH_PATHS = (
					"$(inherited)",
					"@executable_path/Frameworks",
				);
				PRODUCT_BUNDLE_IDENTIFIER = "com.nibm.NKLDAlahakoon-COBSCComp201P-009";
				PRODUCT_NAME = "$(TARGET_NAME)";
				SWIFT_VERSION = 5.0;
				TARGETED_DEVICE_FAMILY = "1,2";
			};
			name = Release;
		};
		EF7FE1942737840100FD2EDB /* Debug */ = {
			isa = XCBuildConfiguration;
			baseConfigurationReference = 0E0C490299CBA9C280B3BCB4 /* Pods-NKLDAlahakoon_COBSCComp201P_009Tests.debug.xcconfig */;
			buildSettings = {
				ALWAYS_EMBED_SWIFT_STANDARD_LIBRARIES = YES;
				BUNDLE_LOADER = "$(TEST_HOST)";
				CODE_SIGN_STYLE = Automatic;
				INFOPLIST_FILE = NKLDAlahakoon_COBSCComp201P_009Tests/Info.plist;
				IPHONEOS_DEPLOYMENT_TARGET = 14.0;
				LD_RUNPATH_SEARCH_PATHS = (
					"$(inherited)",
					"@executable_path/Frameworks",
					"@loader_path/Frameworks",
				);
				PRODUCT_BUNDLE_IDENTIFIER = "com.nibm.NKLDAlahakoon-COBSCComp201P-009Tests";
				PRODUCT_NAME = "$(TARGET_NAME)";
				SWIFT_VERSION = 5.0;
				TARGETED_DEVICE_FAMILY = "1,2";
				TEST_HOST = "$(BUILT_PRODUCTS_DIR)/NKLDAlahakoon_COBSCComp201P_009.app/NKLDAlahakoon_COBSCComp201P_009";
			};
			name = Debug;
		};
		EF7FE1952737840100FD2EDB /* Release */ = {
			isa = XCBuildConfiguration;
			baseConfigurationReference = 745ED11B8537D4675D7D374C /* Pods-NKLDAlahakoon_COBSCComp201P_009Tests.release.xcconfig */;
			buildSettings = {
				ALWAYS_EMBED_SWIFT_STANDARD_LIBRARIES = YES;
				BUNDLE_LOADER = "$(TEST_HOST)";
				CODE_SIGN_STYLE = Automatic;
				INFOPLIST_FILE = NKLDAlahakoon_COBSCComp201P_009Tests/Info.plist;
				IPHONEOS_DEPLOYMENT_TARGET = 14.0;
				LD_RUNPATH_SEARCH_PATHS = (
					"$(inherited)",
					"@executable_path/Frameworks",
					"@loader_path/Frameworks",
				);
				PRODUCT_BUNDLE_IDENTIFIER = "com.nibm.NKLDAlahakoon-COBSCComp201P-009Tests";
				PRODUCT_NAME = "$(TARGET_NAME)";
				SWIFT_VERSION = 5.0;
				TARGETED_DEVICE_FAMILY = "1,2";
				TEST_HOST = "$(BUILT_PRODUCTS_DIR)/NKLDAlahakoon_COBSCComp201P_009.app/NKLDAlahakoon_COBSCComp201P_009";
			};
			name = Release;
		};
		EF7FE1972737840100FD2EDB /* Debug */ = {
			isa = XCBuildConfiguration;
			baseConfigurationReference = 8CAD6F12A8A3F4D038F5F3F2 /* Pods-NKLDAlahakoon_COBSCComp201P_009-NKLDAlahakoon_COBSCComp201P_009UITests.debug.xcconfig */;
			buildSettings = {
				ALWAYS_EMBED_SWIFT_STANDARD_LIBRARIES = YES;
				CODE_SIGN_STYLE = Automatic;
				INFOPLIST_FILE = NKLDAlahakoon_COBSCComp201P_009UITests/Info.plist;
				LD_RUNPATH_SEARCH_PATHS = (
					"$(inherited)",
					"@executable_path/Frameworks",
					"@loader_path/Frameworks",
				);
				PRODUCT_BUNDLE_IDENTIFIER = "com.nibm.NKLDAlahakoon-COBSCComp201P-009UITests";
				PRODUCT_NAME = "$(TARGET_NAME)";
				SWIFT_VERSION = 5.0;
				TARGETED_DEVICE_FAMILY = "1,2";
				TEST_TARGET_NAME = NKLDAlahakoon_COBSCComp201P_009;
			};
			name = Debug;
		};
		EF7FE1982737840100FD2EDB /* Release */ = {
			isa = XCBuildConfiguration;
			baseConfigurationReference = C19D7E7D9AA07B680F034655 /* Pods-NKLDAlahakoon_COBSCComp201P_009-NKLDAlahakoon_COBSCComp201P_009UITests.release.xcconfig */;
			buildSettings = {
				ALWAYS_EMBED_SWIFT_STANDARD_LIBRARIES = YES;
				CODE_SIGN_STYLE = Automatic;
				INFOPLIST_FILE = NKLDAlahakoon_COBSCComp201P_009UITests/Info.plist;
				LD_RUNPATH_SEARCH_PATHS = (
					"$(inherited)",
					"@executable_path/Frameworks",
					"@loader_path/Frameworks",
				);
				PRODUCT_BUNDLE_IDENTIFIER = "com.nibm.NKLDAlahakoon-COBSCComp201P-009UITests";
				PRODUCT_NAME = "$(TARGET_NAME)";
				SWIFT_VERSION = 5.0;
				TARGETED_DEVICE_FAMILY = "1,2";
				TEST_TARGET_NAME = NKLDAlahakoon_COBSCComp201P_009;
			};
			name = Release;
		};
/* End XCBuildConfiguration section */

/* Begin XCConfigurationList section */
		EF7FE166273783FC00FD2EDB /* Build configuration list for PBXProject "NKLDAlahakoon_COBSCComp201P_009" */ = {
			isa = XCConfigurationList;
			buildConfigurations = (
				EF7FE18E2737840100FD2EDB /* Debug */,
				EF7FE18F2737840100FD2EDB /* Release */,
			);
			defaultConfigurationIsVisible = 0;
			defaultConfigurationName = Release;
		};
		EF7FE1902737840100FD2EDB /* Build configuration list for PBXNativeTarget "NKLDAlahakoon_COBSCComp201P_009" */ = {
			isa = XCConfigurationList;
			buildConfigurations = (
				EF7FE1912737840100FD2EDB /* Debug */,
				EF7FE1922737840100FD2EDB /* Release */,
			);
			defaultConfigurationIsVisible = 0;
			defaultConfigurationName = Release;
		};
		EF7FE1932737840100FD2EDB /* Build configuration list for PBXNativeTarget "NKLDAlahakoon_COBSCComp201P_009Tests" */ = {
			isa = XCConfigurationList;
			buildConfigurations = (
				EF7FE1942737840100FD2EDB /* Debug */,
				EF7FE1952737840100FD2EDB /* Release */,
			);
			defaultConfigurationIsVisible = 0;
			defaultConfigurationName = Release;
		};
		EF7FE1962737840100FD2EDB /* Build configuration list for PBXNativeTarget "NKLDAlahakoon_COBSCComp201P_009UITests" */ = {
			isa = XCConfigurationList;
			buildConfigurations = (
				EF7FE1972737840100FD2EDB /* Debug */,
				EF7FE1982737840100FD2EDB /* Release */,
			);
			defaultConfigurationIsVisible = 0;
			defaultConfigurationName = Release;
		};
/* End XCConfigurationList section */

/* Begin XCRemoteSwiftPackageReference section */
		EF5C79C42747DE2F00A1EB8D /* XCRemoteSwiftPackageReference "CodeScanner" */ = {
			isa = XCRemoteSwiftPackageReference;
			repositoryURL = "https://github.com/twostraws/CodeScanner";
			requirement = {
				kind = upToNextMajorVersion;
				minimumVersion = 1.0.7;
			};
		};
/* End XCRemoteSwiftPackageReference section */

/* Begin XCSwiftPackageProductDependency section */
		EF5C79C52747DE2F00A1EB8D /* CodeScanner */ = {
			isa = XCSwiftPackageProductDependency;
			package = EF5C79C42747DE2F00A1EB8D /* XCRemoteSwiftPackageReference "CodeScanner" */;
			productName = CodeScanner;
		};
/* End XCSwiftPackageProductDependency section */
	};
	rootObject = EF7FE163273783FC00FD2EDB /* Project object */;
}
